// !$*UTF8*$!
{
	archiveVersion = 1;
	classes = {
	};
	objectVersion = 50;
	objects = {

/* Begin PBXBuildFile section */
		C11FEE9C208DF47C00333F98 /* AppDelegate.swift in Sources */ = {isa = PBXBuildFile; fileRef = C11FEE9B208DF47C00333F98 /* AppDelegate.swift */; };
		C11FEE9E208DF47C00333F98 /* ViewController.swift in Sources */ = {isa = PBXBuildFile; fileRef = C11FEE9D208DF47C00333F98 /* ViewController.swift */; };
		C11FEEA1208DF47C00333F98 /* Main.storyboard in Resources */ = {isa = PBXBuildFile; fileRef = C11FEE9F208DF47C00333F98 /* Main.storyboard */; };
		C11FEEA3208DF47F00333F98 /* Assets.xcassets in Resources */ = {isa = PBXBuildFile; fileRef = C11FEEA2208DF47F00333F98 /* Assets.xcassets */; };
		C11FEEA6208DF47F00333F98 /* LaunchScreen.storyboard in Resources */ = {isa = PBXBuildFile; fileRef = C11FEEA4208DF47F00333F98 /* LaunchScreen.storyboard */; };
		C1B98CBB208E010D003D7344 /* MTPhotoVC.swift in Sources */ = {isa = PBXBuildFile; fileRef = C1B98CBA208E010D003D7344 /* MTPhotoVC.swift */; };
		C1B98CBD208E020A003D7344 /* MTCardVC.swift in Sources */ = {isa = PBXBuildFile; fileRef = C1B98CBC208E020A003D7344 /* MTCardVC.swift */; };
		C1B98CBF208E139D003D7344 /* MTCardView.swift in Sources */ = {isa = PBXBuildFile; fileRef = C1B98CBE208E139D003D7344 /* MTCardView.swift */; };
/* End PBXBuildFile section */

/* Begin PBXFileReference section */
		C11FEE98208DF47C00333F98 /* WWDC-2017-session230-Sample.app */ = {isa = PBXFileReference; explicitFileType = wrapper.application; includeInIndex = 0; path = "WWDC-2017-session230-Sample.app"; sourceTree = BUILT_PRODUCTS_DIR; };
		C11FEE9B208DF47C00333F98 /* AppDelegate.swift */ = {isa = PBXFileReference; lastKnownFileType = sourcecode.swift; path = AppDelegate.swift; sourceTree = "<group>"; };
		C11FEE9D208DF47C00333F98 /* ViewController.swift */ = {isa = PBXFileReference; lastKnownFileType = sourcecode.swift; path = ViewController.swift; sourceTree = "<group>"; };
		C11FEEA0208DF47C00333F98 /* Base */ = {isa = PBXFileReference; lastKnownFileType = file.storyboard; name = Base; path = Base.lproj/Main.storyboard; sourceTree = "<group>"; };
		C11FEEA2208DF47F00333F98 /* Assets.xcassets */ = {isa = PBXFileReference; lastKnownFileType = folder.assetcatalog; path = Assets.xcassets; sourceTree = "<group>"; };
		C11FEEA5208DF47F00333F98 /* Base */ = {isa = PBXFileReference; lastKnownFileType = file.storyboard; name = Base; path = Base.lproj/LaunchScreen.storyboard; sourceTree = "<group>"; };
		C11FEEA7208DF47F00333F98 /* Info.plist */ = {isa = PBXFileReference; lastKnownFileType = text.plist.xml; path = Info.plist; sourceTree = "<group>"; };
		C1B98CBA208E010D003D7344 /* MTPhotoVC.swift */ = {isa = PBXFileReference; lastKnownFileType = sourcecode.swift; path = MTPhotoVC.swift; sourceTree = "<group>"; };
		C1B98CBC208E020A003D7344 /* MTCardVC.swift */ = {isa = PBXFileReference; lastKnownFileType = sourcecode.swift; path = MTCardVC.swift; sourceTree = "<group>"; };
		C1B98CBE208E139D003D7344 /* MTCardView.swift */ = {isa = PBXFileReference; lastKnownFileType = sourcecode.swift; path = MTCardView.swift; sourceTree = "<group>"; };
/* End PBXFileReference section */

/* Begin PBXFrameworksBuildPhase section */
		C11FEE95208DF47C00333F98 /* Frameworks */ = {
			isa = PBXFrameworksBuildPhase;
			buildActionMask = 2147483647;
			files = (
			);
			runOnlyForDeploymentPostprocessing = 0;
		};
/* End PBXFrameworksBuildPhase section */

/* Begin PBXGroup section */
		C11FEE8F208DF47C00333F98 = {
			isa = PBXGroup;
			children = (
				C11FEE9A208DF47C00333F98 /* WWDC-2017-session230-Sample */,
				C11FEE99208DF47C00333F98 /* Products */,
			);
			sourceTree = "<group>";
		};
		C11FEE99208DF47C00333F98 /* Products */ = {
			isa = PBXGroup;
			children = (
				C11FEE98208DF47C00333F98 /* WWDC-2017-session230-Sample.app */,
			);
			name = Products;
			sourceTree = "<group>";
		};
		C11FEE9A208DF47C00333F98 /* WWDC-2017-session230-Sample */ = {
			isa = PBXGroup;
			children = (
				C1B98CB6208DFE0A003D7344 /* Source */,
				C11FEE9B208DF47C00333F98 /* AppDelegate.swift */,
				C11FEE9F208DF47C00333F98 /* Main.storyboard */,
				C11FEEA2208DF47F00333F98 /* Assets.xcassets */,
				C11FEEA4208DF47F00333F98 /* LaunchScreen.storyboard */,
				C11FEEA7208DF47F00333F98 /* Info.plist */,
			);
			path = "WWDC-2017-session230-Sample";
			sourceTree = "<group>";
		};
		C1B98CB6208DFE0A003D7344 /* Source */ = {
			isa = PBXGroup;
			children = (
				C1B98CB9208DFE22003D7344 /* Models */,
				C1B98CB8208DFE1D003D7344 /* Views */,
				C1B98CB7208DFE12003D7344 /* Controllers */,
			);
			path = Source;
			sourceTree = "<group>";
		};
		C1B98CB7208DFE12003D7344 /* Controllers */ = {
			isa = PBXGroup;
			children = (
				C11FEE9D208DF47C00333F98 /* ViewController.swift */,
				C1B98CBA208E010D003D7344 /* MTPhotoVC.swift */,
				C1B98CBC208E020A003D7344 /* MTCardVC.swift */,
			);
			path = Controllers;
			sourceTree = "<group>";
		};
		C1B98CB8208DFE1D003D7344 /* Views */ = {
			isa = PBXGroup;
			children = (
				C1B98CBE208E139D003D7344 /* MTCardView.swift */,
			);
			path = Views;
			sourceTree = "<group>";
		};
		C1B98CB9208DFE22003D7344 /* Models */ = {
			isa = PBXGroup;
			children = (
			);
			path = Models;
			sourceTree = "<group>";
		};
/* End PBXGroup section */

/* Begin PBXNativeTarget section */
		C11FEE97208DF47C00333F98 /* WWDC-2017-session230-Sample */ = {
			isa = PBXNativeTarget;
			buildConfigurationList = C11FEEAA208DF47F00333F98 /* Build configuration list for PBXNativeTarget "WWDC-2017-session230-Sample" */;
			buildPhases = (
				C11FEE94208DF47C00333F98 /* Sources */,
				C11FEE95208DF47C00333F98 /* Frameworks */,
				C11FEE96208DF47C00333F98 /* Resources */,
			);
			buildRules = (
			);
			dependencies = (
			);
			name = "WWDC-2017-session230-Sample";
			productName = "WWDC-2017-session230-Sample";
			productReference = C11FEE98208DF47C00333F98 /* WWDC-2017-session230-Sample.app */;
			productType = "com.apple.product-type.application";
		};
/* End PBXNativeTarget section */

/* Begin PBXProject section */
		C11FEE90208DF47C00333F98 /* Project object */ = {
			isa = PBXProject;
			attributes = {
				LastSwiftUpdateCheck = 0930;
				LastUpgradeCheck = 0930;
				ORGANIZATIONNAME = LiMengtian;
				TargetAttributes = {
					C11FEE97208DF47C00333F98 = {
						CreatedOnToolsVersion = 9.3;
					};
				};
			};
			buildConfigurationList = C11FEE93208DF47C00333F98 /* Build configuration list for PBXProject "WWDC-2017-session230-Sample" */;
			compatibilityVersion = "Xcode 9.3";
			developmentRegion = en;
			hasScannedForEncodings = 0;
			knownRegions = (
				en,
				Base,
			);
			mainGroup = C11FEE8F208DF47C00333F98;
			productRefGroup = C11FEE99208DF47C00333F98 /* Products */;
			projectDirPath = "";
			projectRoot = "";
			targets = (
				C11FEE97208DF47C00333F98 /* WWDC-2017-session230-Sample */,
			);
		};
/* End PBXProject section */

/* Begin PBXResourcesBuildPhase section */
		C11FEE96208DF47C00333F98 /* Resources */ = {
			isa = PBXResourcesBuildPhase;
			buildActionMask = 2147483647;
			files = (
				C11FEEA6208DF47F00333F98 /* LaunchScreen.storyboard in Resources */,
				C11FEEA3208DF47F00333F98 /* Assets.xcassets in Resources */,
				C11FEEA1208DF47C00333F98 /* Main.storyboard in Resources */,
			);
			runOnlyForDeploymentPostprocessing = 0;
		};
/* End PBXResourcesBuildPhase section */

/* Begin PBXSourcesBuildPhase section */
		C11FEE94208DF47C00333F98 /* Sources */ = {
			isa = PBXSourcesBuildPhase;
			buildActionMask = 2147483647;
			files = (
				C1B98CBF208E139D003D7344 /* MTCardView.swift in Sources */,
				C1B98CBB208E010D003D7344 /* MTPhotoVC.swift in Sources */,
				C1B98CBD208E020A003D7344 /* MTCardVC.swift in Sources */,
				C11FEE9E208DF47C00333F98 /* ViewController.swift in Sources */,
				C11FEE9C208DF47C00333F98 /* AppDelegate.swift in Sources */,
			);
			runOnlyForDeploymentPostprocessing = 0;
		};
/* End PBXSourcesBuildPhase section */

/* Begin PBXVariantGroup section */
		C11FEE9F208DF47C00333F98 /* Main.storyboard */ = {
			isa = PBXVariantGroup;
			children = (
				C11FEEA0208DF47C00333F98 /* Base */,
			);
			name = Main.storyboard;
			sourceTree = "<group>";
		};
		C11FEEA4208DF47F00333F98 /* LaunchScreen.storyboard */ = {
			isa = PBXVariantGroup;
			children = (
				C11FEEA5208DF47F00333F98 /* Base */,
			);
			name = LaunchScreen.storyboard;
			sourceTree = "<group>";
		};
/* End PBXVariantGroup section */

/* Begin XCBuildConfiguration section */
		C11FEEA8208DF47F00333F98 /* Debug */ = {
			isa = XCBuildConfiguration;
			buildSettings = {
				ALWAYS_SEARCH_USER_PATHS = NO;
				CLANG_ANALYZER_NONNULL = YES;
				CLANG_ANALYZER_NUMBER_OBJECT_CONVERSION = YES_AGGRESSIVE;
				CLANG_CXX_LANGUAGE_STANDARD = "gnu++14";
				CLANG_CXX_LIBRARY = "libc++";
				CLANG_ENABLE_MODULES = YES;
				CLANG_ENABLE_OBJC_ARC = YES;
				CLANG_ENABLE_OBJC_WEAK = YES;
				CLANG_WARN_BLOCK_CAPTURE_AUTORELEASING = YES;
				CLANG_WARN_BOOL_CONVERSION = YES;
				CLANG_WARN_COMMA = YES;
				CLANG_WARN_CONSTANT_CONVERSION = YES;
				CLANG_WARN_DEPRECATED_OBJC_IMPLEMENTATIONS = YES;
				CLANG_WARN_DIRECT_OBJC_ISA_USAGE = YES_ERROR;
				CLANG_WARN_DOCUMENTATION_COMMENTS = YES;
				CLANG_WARN_EMPTY_BODY = YES;
				CLANG_WARN_ENUM_CONVERSION = YES;
				CLANG_WARN_INFINITE_RECURSION = YES;
				CLANG_WARN_INT_CONVERSION = YES;
				CLANG_WARN_NON_LITERAL_NULL_CONVERSION = YES;
				CLANG_WARN_OBJC_IMPLICIT_RETAIN_SELF = YES;
				CLANG_WARN_OBJC_LITERAL_CONVERSION = YES;
				CLANG_WARN_OBJC_ROOT_CLASS = YES_ERROR;
				CLANG_WARN_RANGE_LOOP_ANALYSIS = YES;
				CLANG_WARN_STRICT_PROTOTYPES = YES;
				CLANG_WARN_SUSPICIOUS_MOVE = YES;
				CLANG_WARN_UNGUARDED_AVAILABILITY = YES_AGGRESSIVE;
				CLANG_WARN_UNREACHABLE_CODE = YES;
				CLANG_WARN__DUPLICATE_METHOD_MATCH = YES;
				CODE_SIGN_IDENTITY = "iPhone Developer";
				COPY_PHASE_STRIP = NO;
				DEBUG_INFORMATION_FORMAT = dwarf;
				ENABLE_STRICT_OBJC_MSGSEND = YES;
				ENABLE_TESTABILITY = YES;
				GCC_C_LANGUAGE_STANDARD = gnu11;
				GCC_DYNAMIC_NO_PIC = NO;
				GCC_NO_COMMON_BLOCKS = YES;
				GCC_OPTIMIZATION_LEVEL = 0;
				GCC_PREPROCESSOR_DEFINITIONS = (
					"DEBUG=1",
					"$(inherited)",
				);
				GCC_WARN_64_TO_32_BIT_CONVERSION = YES;
				GCC_WARN_ABOUT_RETURN_TYPE = YES_ERROR;
				GCC_WARN_UNDECLARED_SELECTOR = YES;
				GCC_WARN_UNINITIALIZED_AUTOS = YES_AGGRESSIVE;
				GCC_WARN_UNUSED_FUNCTION = YES;
				GCC_WARN_UNUSED_VARIABLE = YES;
				IPHONEOS_DEPLOYMENT_TARGET = 11.3;
				MTL_ENABLE_DEBUG_INFO = YES;
				ONLY_ACTIVE_ARCH = YES;
				SDKROOT = iphoneos;
				SWIFT_ACTIVE_COMPILATION_CONDITIONS = DEBUG;
				SWIFT_OPTIMIZATION_LEVEL = "-Onone";
			};
			name = Debug;
		};
		C11FEEA9208DF47F00333F98 /* Release */ = {
			isa = XCBuildConfiguration;
			buildSettings = {
				ALWAYS_SEARCH_USER_PATHS = NO;
				CLANG_ANALYZER_NONNULL = YES;
				CLANG_ANALYZER_NUMBER_OBJECT_CONVERSION = YES_AGGRESSIVE;
				CLANG_CXX_LANGUAGE_STANDARD = "gnu++14";
				CLANG_CXX_LIBRARY = "libc++";
				CLANG_ENABLE_MODULES = YES;
				CLANG_ENABLE_OBJC_ARC = YES;
				CLANG_ENABLE_OBJC_WEAK = YES;
				CLANG_WARN_BLOCK_CAPTURE_AUTORELEASING = YES;
				CLANG_WARN_BOOL_CONVERSION = YES;
				CLANG_WARN_COMMA = YES;
				CLANG_WARN_CONSTANT_CONVERSION = YES;
				CLANG_WARN_DEPRECATED_OBJC_IMPLEMENTATIONS = YES;
				CLANG_WARN_DIRECT_OBJC_ISA_USAGE = YES_ERROR;
				CLANG_WARN_DOCUMENTATION_COMMENTS = YES;
				CLANG_WARN_EMPTY_BODY = YES;
				CLANG_WARN_ENUM_CONVERSION = YES;
				CLANG_WARN_INFINITE_RECURSION = YES;
				CLANG_WARN_INT_CONVERSION = YES;
				CLANG_WARN_NON_LITERAL_NULL_CONVERSION = YES;
				CLANG_WARN_OBJC_IMPLICIT_RETAIN_SELF = YES;
				CLANG_WARN_OBJC_LITERAL_CONVERSION = YES;
				CLANG_WARN_OBJC_ROOT_CLASS = YES_ERROR;
				CLANG_WARN_RANGE_LOOP_ANALYSIS = YES;
				CLANG_WARN_STRICT_PROTOTYPES = YES;
				CLANG_WARN_SUSPICIOUS_MOVE = YES;
				CLANG_WARN_UNGUARDED_AVAILABILITY = YES_AGGRESSIVE;
				CLANG_WARN_UNREACHABLE_CODE = YES;
				CLANG_WARN__DUPLICATE_METHOD_MATCH = YES;
				CODE_SIGN_IDENTITY = "iPhone Developer";
				COPY_PHASE_STRIP = NO;
				DEBUG_INFORMATION_FORMAT = "dwarf-with-dsym";
				ENABLE_NS_ASSERTIONS = NO;
				ENABLE_STRICT_OBJC_MSGSEND = YES;
				GCC_C_LANGUAGE_STANDARD = gnu11;
				GCC_NO_COMMON_BLOCKS = YES;
				GCC_WARN_64_TO_32_BIT_CONVERSION = YES;
				GCC_WARN_ABOUT_RETURN_TYPE = YES_ERROR;
				GCC_WARN_UNDECLARED_SELECTOR = YES;
				GCC_WARN_UNINITIALIZED_AUTOS = YES_AGGRESSIVE;
				GCC_WARN_UNUSED_FUNCTION = YES;
				GCC_WARN_UNUSED_VARIABLE = YES;
				IPHONEOS_DEPLOYMENT_TARGET = 11.3;
				MTL_ENABLE_DEBUG_INFO = NO;
				SDKROOT = iphoneos;
				SWIFT_COMPILATION_MODE = wholemodule;
				SWIFT_OPTIMIZATION_LEVEL = "-O";
				VALIDATE_PRODUCT = YES;
			};
			name = Release;
		};
		C11FEEAB208DF47F00333F98 /* Debug */ = {
			isa = XCBuildConfiguration;
			buildSettings = {
				ASSETCATALOG_COMPILER_APPICON_NAME = AppIcon;
				CODE_SIGN_STYLE = Automatic;
				INFOPLIST_FILE = "WWDC-2017-session230-Sample/Info.plist";
				LD_RUNPATH_SEARCH_PATHS = (
					"$(inherited)",
					"@executable_path/Frameworks",
				);
				PRODUCT_BUNDLE_IDENTIFIER = "com.limengtian.WWDC-2017-session230-Sample";
				PRODUCT_NAME = "$(TARGET_NAME)";
				SWIFT_VERSION = 4.0;
				TARGETED_DEVICE_FAMILY = "1,2";
			};
			name = Debug;
		};
		C11FEEAC208DF47F00333F98 /* Release */ = {
			isa = XCBuildConfiguration;
			buildSettings = {
				ASSETCATALOG_COMPILER_APPICON_NAME = AppIcon;
				CODE_SIGN_STYLE = Automatic;
				INFOPLIST_FILE = "WWDC-2017-session230-Sample/Info.plist";
				LD_RUNPATH_SEARCH_PATHS = (
					"$(inherited)",
					"@executable_path/Frameworks",
				);
				PRODUCT_BUNDLE_IDENTIFIER = "com.limengtian.WWDC-2017-session230-Sample";
				PRODUCT_NAME = "$(TARGET_NAME)";
				SWIFT_VERSION = 4.0;
				TARGETED_DEVICE_FAMILY = "1,2";
			};
			name = Release;
		};
/* End XCBuildConfiguration section */

/* Begin XCConfigurationList section */
		C11FEE93208DF47C00333F98 /* Build configuration list for PBXProject "WWDC-2017-session230-Sample" */ = {
			isa = XCConfigurationList;
			buildConfigurations = (
				C11FEEA8208DF47F00333F98 /* Debug */,
				C11FEEA9208DF47F00333F98 /* Release */,
			);
			defaultConfigurationIsVisible = 0;
			defaultConfigurationName = Release;
		};
		C11FEEAA208DF47F00333F98 /* Build configuration list for PBXNativeTarget "WWDC-2017-session230-Sample" */ = {
			isa = XCConfigurationList;
			buildConfigurations = (
				C11FEEAB208DF47F00333F98 /* Debug */,
				C11FEEAC208DF47F00333F98 /* Release */,
			);
			defaultConfigurationIsVisible = 0;
			defaultConfigurationName = Release;
		};
/* End XCConfigurationList section */
	};
	rootObject = C11FEE90208DF47C00333F98 /* Project object */;
}
